// !$*UTF8*$!
{
	archiveVersion = 1;
	classes = {
	};
	objectVersion = 51;
	objects = {

/* Begin PBXBuildFile section */
		0EF8AC0DDD25A01D6C1C120F /* Pods_TwitterCards.framework in Frameworks */ = {isa = PBXBuildFile; fileRef = 5F9846C921DDF0EE619F0215 /* Pods_TwitterCards.framework */; };
		A61635CB2379E3EB0078360D /* TwitterCards.storyboard in Resources */ = {isa = PBXBuildFile; fileRef = A61635CA2379E3EB0078360D /* TwitterCards.storyboard */; };
		A61635D12379E5A20078360D /* CardSelectionViewController.swift in Sources */ = {isa = PBXBuildFile; fileRef = A61635D02379E5A20078360D /* CardSelectionViewController.swift */; };
		A61635D32379E5BF0078360D /* CardCreationViewController.swift in Sources */ = {isa = PBXBuildFile; fileRef = A61635D22379E5BF0078360D /* CardCreationViewController.swift */; };
		A61635D52379E61C0078360D /* CardFeedViewController.swift in Sources */ = {isa = PBXBuildFile; fileRef = A61635D42379E61C0078360D /* CardFeedViewController.swift */; };
		A61635D72379E9780078360D /* ReplyFeedViewController.swift in Sources */ = {isa = PBXBuildFile; fileRef = A61635D62379E9780078360D /* ReplyFeedViewController.swift */; };
		A6554226237F79FC004C12C1 /* AppData.xcdatamodeld in Sources */ = {isa = PBXBuildFile; fileRef = A6554224237F79FC004C12C1 /* AppData.xcdatamodeld */; };
		A676FAA3237E1B73007CBA39 /* RightsidePushPop.swift in Sources */ = {isa = PBXBuildFile; fileRef = A676FAA2237E1B73007CBA39 /* RightsidePushPop.swift */; };
		A676FAA5237E1D19007CBA39 /* NavigationTransitionSource.swift in Sources */ = {isa = PBXBuildFile; fileRef = A676FAA4237E1D19007CBA39 /* NavigationTransitionSource.swift */; };
		A68C463B235B40C200BA986E /* AppDelegate.swift in Sources */ = {isa = PBXBuildFile; fileRef = A68C463A235B40C200BA986E /* AppDelegate.swift */; };
		A68C4642235B40C400BA986E /* Assets.xcassets in Resources */ = {isa = PBXBuildFile; fileRef = A68C4641235B40C400BA986E /* Assets.xcassets */; };
		A68C4645235B40C400BA986E /* LaunchScreen.storyboard in Resources */ = {isa = PBXBuildFile; fileRef = A68C4643235B40C400BA986E /* LaunchScreen.storyboard */; };
		A6949F9D237AD7F80087404C /* SelectionCarousel.swift in Sources */ = {isa = PBXBuildFile; fileRef = A6949F9C237AD7F80087404C /* SelectionCarousel.swift */; };
		A6949F9F237ADA6D0087404C /* SelectionCarouselBank.swift in Sources */ = {isa = PBXBuildFile; fileRef = A6949F9E237ADA6D0087404C /* SelectionCarouselBank.swift */; };
		A6A255D7237F6511001D8576 /* CoreData.framework in Frameworks */ = {isa = PBXBuildFile; fileRef = A6A255D6237F6511001D8576 /* CoreData.framework */; };
		A6A255DC237F6AA7001D8576 /* PersistanceService.swift in Sources */ = {isa = PBXBuildFile; fileRef = A6A255DB237F6AA7001D8576 /* PersistanceService.swift */; };
		A6BFDBAA238060710057B196 /* SelectionCard+CoreDataClass.swift in Sources */ = {isa = PBXBuildFile; fileRef = A6BFDBA8238060710057B196 /* SelectionCard+CoreDataClass.swift */; };
		A6BFDBAB238060710057B196 /* SelectionCard+CoreDataProperties.swift in Sources */ = {isa = PBXBuildFile; fileRef = A6BFDBA9238060710057B196 /* SelectionCard+CoreDataProperties.swift */; };
		A6D76B552380B89F006B6A33 /* CardCreationTableCell.swift in Sources */ = {isa = PBXBuildFile; fileRef = A6D76B542380B89F006B6A33 /* CardCreationTableCell.swift */; };
		A6FF342D237A21F20069A8AE /* CardSelectCollectionCell.swift in Sources */ = {isa = PBXBuildFile; fileRef = A6FF342C237A21F20069A8AE /* CardSelectCollectionCell.swift */; };
/* End PBXBuildFile section */

/* Begin PBXFileReference section */
		242DB64D5D0B476F22F6502C /* Pods-TwitterCards.debug.xcconfig */ = {isa = PBXFileReference; includeInIndex = 1; lastKnownFileType = text.xcconfig; name = "Pods-TwitterCards.debug.xcconfig"; path = "Target Support Files/Pods-TwitterCards/Pods-TwitterCards.debug.xcconfig"; sourceTree = "<group>"; };
		5F9846C921DDF0EE619F0215 /* Pods_TwitterCards.framework */ = {isa = PBXFileReference; explicitFileType = wrapper.framework; includeInIndex = 0; path = Pods_TwitterCards.framework; sourceTree = BUILT_PRODUCTS_DIR; };
		A61635CA2379E3EB0078360D /* TwitterCards.storyboard */ = {isa = PBXFileReference; lastKnownFileType = file.storyboard; path = TwitterCards.storyboard; sourceTree = "<group>"; };
		A61635D02379E5A20078360D /* CardSelectionViewController.swift */ = {isa = PBXFileReference; lastKnownFileType = sourcecode.swift; path = CardSelectionViewController.swift; sourceTree = "<group>"; };
		A61635D22379E5BF0078360D /* CardCreationViewController.swift */ = {isa = PBXFileReference; lastKnownFileType = sourcecode.swift; path = CardCreationViewController.swift; sourceTree = "<group>"; };
		A61635D42379E61C0078360D /* CardFeedViewController.swift */ = {isa = PBXFileReference; lastKnownFileType = sourcecode.swift; path = CardFeedViewController.swift; sourceTree = "<group>"; };
		A61635D62379E9780078360D /* ReplyFeedViewController.swift */ = {isa = PBXFileReference; lastKnownFileType = sourcecode.swift; path = ReplyFeedViewController.swift; sourceTree = "<group>"; };
		A6554225237F79FC004C12C1 /* AppData.xcdatamodel */ = {isa = PBXFileReference; lastKnownFileType = wrapper.xcdatamodel; path = AppData.xcdatamodel; sourceTree = "<group>"; };
		A676FAA2237E1B73007CBA39 /* RightsidePushPop.swift */ = {isa = PBXFileReference; lastKnownFileType = sourcecode.swift; path = RightsidePushPop.swift; sourceTree = "<group>"; };
		A676FAA4237E1D19007CBA39 /* NavigationTransitionSource.swift */ = {isa = PBXFileReference; lastKnownFileType = sourcecode.swift; path = NavigationTransitionSource.swift; sourceTree = "<group>"; };
		A68C4637235B40C200BA986E /* TwitterCards.app */ = {isa = PBXFileReference; explicitFileType = wrapper.application; includeInIndex = 0; path = TwitterCards.app; sourceTree = BUILT_PRODUCTS_DIR; };
		A68C463A235B40C200BA986E /* AppDelegate.swift */ = {isa = PBXFileReference; lastKnownFileType = sourcecode.swift; path = AppDelegate.swift; sourceTree = "<group>"; };
		A68C4641235B40C400BA986E /* Assets.xcassets */ = {isa = PBXFileReference; lastKnownFileType = folder.assetcatalog; path = Assets.xcassets; sourceTree = "<group>"; };
		A68C4644235B40C400BA986E /* Base */ = {isa = PBXFileReference; lastKnownFileType = file.storyboard; name = Base; path = Base.lproj/LaunchScreen.storyboard; sourceTree = "<group>"; };
		A68C4646235B40C400BA986E /* Info.plist */ = {isa = PBXFileReference; lastKnownFileType = text.plist.xml; path = Info.plist; sourceTree = "<group>"; };
		A6949F9C237AD7F80087404C /* SelectionCarousel.swift */ = {isa = PBXFileReference; lastKnownFileType = sourcecode.swift; path = SelectionCarousel.swift; sourceTree = "<group>"; };
		A6949F9E237ADA6D0087404C /* SelectionCarouselBank.swift */ = {isa = PBXFileReference; lastKnownFileType = sourcecode.swift; path = SelectionCarouselBank.swift; sourceTree = "<group>"; };
		A6A255D6237F6511001D8576 /* CoreData.framework */ = {isa = PBXFileReference; lastKnownFileType = wrapper.framework; name = CoreData.framework; path = System/Library/Frameworks/CoreData.framework; sourceTree = SDKROOT; };
		A6A255DB237F6AA7001D8576 /* PersistanceService.swift */ = {isa = PBXFileReference; lastKnownFileType = sourcecode.swift; path = PersistanceService.swift; sourceTree = "<group>"; };
		A6BFDBA8238060710057B196 /* SelectionCard+CoreDataClass.swift */ = {isa = PBXFileReference; lastKnownFileType = sourcecode.swift; path = "SelectionCard+CoreDataClass.swift"; sourceTree = "<group>"; };
		A6BFDBA9238060710057B196 /* SelectionCard+CoreDataProperties.swift */ = {isa = PBXFileReference; lastKnownFileType = sourcecode.swift; path = "SelectionCard+CoreDataProperties.swift"; sourceTree = "<group>"; };
		A6D76B542380B89F006B6A33 /* CardCreationTableCell.swift */ = {isa = PBXFileReference; lastKnownFileType = sourcecode.swift; path = CardCreationTableCell.swift; sourceTree = "<group>"; };
		A6FF342C237A21F20069A8AE /* CardSelectCollectionCell.swift */ = {isa = PBXFileReference; lastKnownFileType = sourcecode.swift; path = CardSelectCollectionCell.swift; sourceTree = "<group>"; };
		AA706757FEADD6AC76AEAC78 /* Pods-TwitterCards.release.xcconfig */ = {isa = PBXFileReference; includeInIndex = 1; lastKnownFileType = text.xcconfig; name = "Pods-TwitterCards.release.xcconfig"; path = "Target Support Files/Pods-TwitterCards/Pods-TwitterCards.release.xcconfig"; sourceTree = "<group>"; };
/* End PBXFileReference section */

/* Begin PBXFrameworksBuildPhase section */
		A68C4634235B40C200BA986E /* Frameworks */ = {
			isa = PBXFrameworksBuildPhase;
			buildActionMask = 2147483647;
			files = (
				A6A255D7237F6511001D8576 /* CoreData.framework in Frameworks */,
				0EF8AC0DDD25A01D6C1C120F /* Pods_TwitterCards.framework in Frameworks */,
			);
			runOnlyForDeploymentPostprocessing = 0;
		};
/* End PBXFrameworksBuildPhase section */

/* Begin PBXGroup section */
		0073C5C897CC3B01FE466249 /* Frameworks */ = {
			isa = PBXGroup;
			children = (
				A6A255D6237F6511001D8576 /* CoreData.framework */,
				5F9846C921DDF0EE619F0215 /* Pods_TwitterCards.framework */,
			);
			name = Frameworks;
			sourceTree = "<group>";
		};
		A601EB2B2380B75600F29D6E /* Card Creation */ = {
			isa = PBXGroup;
			children = (
				A6D76B542380B89F006B6A33 /* CardCreationTableCell.swift */,
			);
			path = "Card Creation";
			sourceTree = "<group>";
		};
		A61635DA237A1B490078360D /* Card Selection */ = {
			isa = PBXGroup;
			children = (
				A6FF342C237A21F20069A8AE /* CardSelectCollectionCell.swift */,
			);
			path = "Card Selection";
			sourceTree = "<group>";
		};
		A625A4F5237CD1C500485977 /* Transition */ = {
			isa = PBXGroup;
			children = (
				A676FAA2237E1B73007CBA39 /* RightsidePushPop.swift */,
				A676FAA4237E1D19007CBA39 /* NavigationTransitionSource.swift */,
			);
			path = Transition;
			sourceTree = "<group>";
		};
		A686C9222368606A0028991B /* Model */ = {
			isa = PBXGroup;
			children = (
				A6554224237F79FC004C12C1 /* AppData.xcdatamodeld */,
				A6FF342E237AD7780069A8AE /* Card Selection */,
				A68C463A235B40C200BA986E /* AppDelegate.swift */,
				A6A255DB237F6AA7001D8576 /* PersistanceService.swift */,
			);
			path = Model;
			sourceTree = "<group>";
		};
		A686C923236860730028991B /* View */ = {
			isa = PBXGroup;
			children = (
				A601EB2B2380B75600F29D6E /* Card Creation */,
				A61635DA237A1B490078360D /* Card Selection */,
				A68C4643235B40C400BA986E /* LaunchScreen.storyboard */,
				A61635CA2379E3EB0078360D /* TwitterCards.storyboard */,
			);
			path = View;
			sourceTree = "<group>";
		};
		A686C9242368607A0028991B /* Controller */ = {
			isa = PBXGroup;
			children = (
				A61635D02379E5A20078360D /* CardSelectionViewController.swift */,
				A61635D22379E5BF0078360D /* CardCreationViewController.swift */,
				A61635D42379E61C0078360D /* CardFeedViewController.swift */,
				A61635D62379E9780078360D /* ReplyFeedViewController.swift */,
			);
			path = Controller;
			sourceTree = "<group>";
		};
		A68C462E235B40C200BA986E = {
			isa = PBXGroup;
			children = (
				A68C4639235B40C200BA986E /* TwitterCards */,
				A68C4638235B40C200BA986E /* Products */,
				D1A34FC69BA95CDDCC8759C1 /* Pods */,
				0073C5C897CC3B01FE466249 /* Frameworks */,
			);
			sourceTree = "<group>";
		};
		A68C4638235B40C200BA986E /* Products */ = {
			isa = PBXGroup;
			children = (
				A68C4637235B40C200BA986E /* TwitterCards.app */,
			);
			name = Products;
			sourceTree = "<group>";
		};
		A68C4639235B40C200BA986E /* TwitterCards */ = {
			isa = PBXGroup;
			children = (
				A625A4F5237CD1C500485977 /* Transition */,
				A686C9242368607A0028991B /* Controller */,
				A686C923236860730028991B /* View */,
				A686C9222368606A0028991B /* Model */,
				A68C4641235B40C400BA986E /* Assets.xcassets */,
				A68C4646235B40C400BA986E /* Info.plist */,
			);
			path = TwitterCards;
			sourceTree = "<group>";
		};
		A6FF342E237AD7780069A8AE /* Card Selection */ = {
			isa = PBXGroup;
			children = (
				A6BFDBA8238060710057B196 /* SelectionCard+CoreDataClass.swift */,
				A6BFDBA9238060710057B196 /* SelectionCard+CoreDataProperties.swift */,
				A6949F9C237AD7F80087404C /* SelectionCarousel.swift */,
				A6949F9E237ADA6D0087404C /* SelectionCarouselBank.swift */,
			);
			path = "Card Selection";
			sourceTree = "<group>";
		};
		D1A34FC69BA95CDDCC8759C1 /* Pods */ = {
			isa = PBXGroup;
			children = (
				242DB64D5D0B476F22F6502C /* Pods-TwitterCards.debug.xcconfig */,
				AA706757FEADD6AC76AEAC78 /* Pods-TwitterCards.release.xcconfig */,
			);
			path = Pods;
			sourceTree = "<group>";
		};
/* End PBXGroup section */

/* Begin PBXNativeTarget section */
		A68C4636235B40C200BA986E /* TwitterCards */ = {
			isa = PBXNativeTarget;
			buildConfigurationList = A68C4654235B40C400BA986E /* Build configuration list for PBXNativeTarget "TwitterCards" */;
			buildPhases = (
				874245F91D64A3165AE1873B /* [CP] Check Pods Manifest.lock */,
				A68C4633235B40C200BA986E /* Sources */,
				A68C4634235B40C200BA986E /* Frameworks */,
				A68C4635235B40C200BA986E /* Resources */,
				FB4F1693C10FCFFC46843D9F /* [CP] Embed Pods Frameworks */,
			);
			buildRules = (
			);
			dependencies = (
			);
			name = TwitterCards;
			productName = TwitterCards;
			productReference = A68C4637235B40C200BA986E /* TwitterCards.app */;
			productType = "com.apple.product-type.application";
		};
/* End PBXNativeTarget section */

/* Begin PBXProject section */
		A68C462F235B40C200BA986E /* Project object */ = {
			isa = PBXProject;
			attributes = {
				LastSwiftUpdateCheck = 1020;
				LastUpgradeCheck = 1020;
				ORGANIZATIONNAME = "Alex Allman";
				TargetAttributes = {
					A68C4636235B40C200BA986E = {
						CreatedOnToolsVersion = 10.2.1;
					};
				};
			};
			buildConfigurationList = A68C4632235B40C200BA986E /* Build configuration list for PBXProject "TwitterCards" */;
			compatibilityVersion = "Xcode 9.3";
			developmentRegion = en;
			hasScannedForEncodings = 0;
			knownRegions = (
				en,
				Base,
			);
			mainGroup = A68C462E235B40C200BA986E;
			productRefGroup = A68C4638235B40C200BA986E /* Products */;
			projectDirPath = "";
			projectRoot = "";
			targets = (
				A68C4636235B40C200BA986E /* TwitterCards */,
			);
		};
/* End PBXProject section */

/* Begin PBXResourcesBuildPhase section */
		A68C4635235B40C200BA986E /* Resources */ = {
			isa = PBXResourcesBuildPhase;
			buildActionMask = 2147483647;
			files = (
				A68C4645235B40C400BA986E /* LaunchScreen.storyboard in Resources */,
				A61635CB2379E3EB0078360D /* TwitterCards.storyboard in Resources */,
				A68C4642235B40C400BA986E /* Assets.xcassets in Resources */,
			);
			runOnlyForDeploymentPostprocessing = 0;
		};
/* End PBXResourcesBuildPhase section */

/* Begin PBXShellScriptBuildPhase section */
		874245F91D64A3165AE1873B /* [CP] Check Pods Manifest.lock */ = {
			isa = PBXShellScriptBuildPhase;
			buildActionMask = 2147483647;
			files = (
			);
			inputFileListPaths = (
			);
			inputPaths = (
				"${PODS_PODFILE_DIR_PATH}/Podfile.lock",
				"${PODS_ROOT}/Manifest.lock",
			);
			name = "[CP] Check Pods Manifest.lock";
			outputFileListPaths = (
			);
			outputPaths = (
				"$(DERIVED_FILE_DIR)/Pods-TwitterCards-checkManifestLockResult.txt",
			);
			runOnlyForDeploymentPostprocessing = 0;
			shellPath = /bin/sh;
			shellScript = "diff \"${PODS_PODFILE_DIR_PATH}/Podfile.lock\" \"${PODS_ROOT}/Manifest.lock\" > /dev/null\nif [ $? != 0 ] ; then\n    # print error to STDERR\n    echo \"error: The sandbox is not in sync with the Podfile.lock. Run 'pod install' or update your CocoaPods installation.\" >&2\n    exit 1\nfi\n# This output is used by Xcode 'outputs' to avoid re-running this script phase.\necho \"SUCCESS\" > \"${SCRIPT_OUTPUT_FILE_0}\"\n";
			showEnvVarsInLog = 0;
		};
		FB4F1693C10FCFFC46843D9F /* [CP] Embed Pods Frameworks */ = {
			isa = PBXShellScriptBuildPhase;
			buildActionMask = 2147483647;
			files = (
			);
			inputFileListPaths = (
				"${PODS_ROOT}/Target Support Files/Pods-TwitterCards/Pods-TwitterCards-frameworks-${CONFIGURATION}-input-files.xcfilelist",
			);
			name = "[CP] Embed Pods Frameworks";
			outputFileListPaths = (
				"${PODS_ROOT}/Target Support Files/Pods-TwitterCards/Pods-TwitterCards-frameworks-${CONFIGURATION}-output-files.xcfilelist",
			);
			runOnlyForDeploymentPostprocessing = 0;
			shellPath = /bin/sh;
			shellScript = "\"${PODS_ROOT}/Target Support Files/Pods-TwitterCards/Pods-TwitterCards-frameworks.sh\"\n";
			showEnvVarsInLog = 0;
		};
/* End PBXShellScriptBuildPhase section */

/* Begin PBXSourcesBuildPhase section */
		A68C4633235B40C200BA986E /* Sources */ = {
			isa = PBXSourcesBuildPhase;
			buildActionMask = 2147483647;
			files = (
				A61635D52379E61C0078360D /* CardFeedViewController.swift in Sources */,
				A6A255DC237F6AA7001D8576 /* PersistanceService.swift in Sources */,
				A6949F9D237AD7F80087404C /* SelectionCarousel.swift in Sources */,
				A61635D72379E9780078360D /* ReplyFeedViewController.swift in Sources */,
				A68C463B235B40C200BA986E /* AppDelegate.swift in Sources */,
				A676FAA5237E1D19007CBA39 /* NavigationTransitionSource.swift in Sources */,
				A6FF342D237A21F20069A8AE /* CardSelectCollectionCell.swift in Sources */,
				A61635D32379E5BF0078360D /* CardCreationViewController.swift in Sources */,
				A6949F9F237ADA6D0087404C /* SelectionCarouselBank.swift in Sources */,
				A6BFDBAA238060710057B196 /* SelectionCard+CoreDataClass.swift in Sources */,
				A61635D12379E5A20078360D /* CardSelectionViewController.swift in Sources */,
				A676FAA3237E1B73007CBA39 /* RightsidePushPop.swift in Sources */,
				A6BFDBAB238060710057B196 /* SelectionCard+CoreDataProperties.swift in Sources */,
				A6D76B552380B89F006B6A33 /* CardCreationTableCell.swift in Sources */,
				A6554226237F79FC004C12C1 /* AppData.xcdatamodeld in Sources */,
			);
			runOnlyForDeploymentPostprocessing = 0;
		};
/* End PBXSourcesBuildPhase section */

/* Begin PBXVariantGroup section */
		A68C4643235B40C400BA986E /* LaunchScreen.storyboard */ = {
			isa = PBXVariantGroup;
			children = (
				A68C4644235B40C400BA986E /* Base */,
			);
			name = LaunchScreen.storyboard;
			sourceTree = "<group>";
		};
/* End PBXVariantGroup section */

/* Begin XCBuildConfiguration section */
		A68C4652235B40C400BA986E /* Debug */ = {
			isa = XCBuildConfiguration;
			buildSettings = {
				ALWAYS_SEARCH_USER_PATHS = NO;
				CLANG_ANALYZER_NONNULL = YES;
				CLANG_ANALYZER_NUMBER_OBJECT_CONVERSION = YES_AGGRESSIVE;
				CLANG_CXX_LANGUAGE_STANDARD = "gnu++14";
				CLANG_CXX_LIBRARY = "libc++";
				CLANG_ENABLE_MODULES = YES;
				CLANG_ENABLE_OBJC_ARC = YES;
				CLANG_ENABLE_OBJC_WEAK = YES;
				CLANG_WARN_BLOCK_CAPTURE_AUTORELEASING = YES;
				CLANG_WARN_BOOL_CONVERSION = YES;
				CLANG_WARN_COMMA = YES;
				CLANG_WARN_CONSTANT_CONVERSION = YES;
				CLANG_WARN_DEPRECATED_OBJC_IMPLEMENTATIONS = YES;
				CLANG_WARN_DIRECT_OBJC_ISA_USAGE = YES_ERROR;
				CLANG_WARN_DOCUMENTATION_COMMENTS = YES;
				CLANG_WARN_EMPTY_BODY = YES;
				CLANG_WARN_ENUM_CONVERSION = YES;
				CLANG_WARN_INFINITE_RECURSION = YES;
				CLANG_WARN_INT_CONVERSION = YES;
				CLANG_WARN_NON_LITERAL_NULL_CONVERSION = YES;
				CLANG_WARN_OBJC_IMPLICIT_RETAIN_SELF = YES;
				CLANG_WARN_OBJC_LITERAL_CONVERSION = YES;
				CLANG_WARN_OBJC_ROOT_CLASS = YES_ERROR;
				CLANG_WARN_RANGE_LOOP_ANALYSIS = YES;
				CLANG_WARN_STRICT_PROTOTYPES = YES;
				CLANG_WARN_SUSPICIOUS_MOVE = YES;
				CLANG_WARN_UNGUARDED_AVAILABILITY = YES_AGGRESSIVE;
				CLANG_WARN_UNREACHABLE_CODE = YES;
				CLANG_WARN__DUPLICATE_METHOD_MATCH = YES;
				CODE_SIGN_IDENTITY = "iPhone Developer";
				COPY_PHASE_STRIP = NO;
				DEBUG_INFORMATION_FORMAT = dwarf;
				ENABLE_STRICT_OBJC_MSGSEND = YES;
				ENABLE_TESTABILITY = YES;
				GCC_C_LANGUAGE_STANDARD = gnu11;
				GCC_DYNAMIC_NO_PIC = NO;
				GCC_NO_COMMON_BLOCKS = YES;
				GCC_OPTIMIZATION_LEVEL = 0;
				GCC_PREPROCESSOR_DEFINITIONS = (
					"DEBUG=1",
					"$(inherited)",
				);
				GCC_WARN_64_TO_32_BIT_CONVERSION = YES;
				GCC_WARN_ABOUT_RETURN_TYPE = YES_ERROR;
				GCC_WARN_UNDECLARED_SELECTOR = YES;
				GCC_WARN_UNINITIALIZED_AUTOS = YES_AGGRESSIVE;
				GCC_WARN_UNUSED_FUNCTION = YES;
				GCC_WARN_UNUSED_VARIABLE = YES;
				IPHONEOS_DEPLOYMENT_TARGET = 12.2;
				MTL_ENABLE_DEBUG_INFO = INCLUDE_SOURCE;
				MTL_FAST_MATH = YES;
				ONLY_ACTIVE_ARCH = YES;
				SDKROOT = iphoneos;
				SWIFT_ACTIVE_COMPILATION_CONDITIONS = DEBUG;
				SWIFT_OPTIMIZATION_LEVEL = "-Onone";
			};
			name = Debug;
		};
		A68C4653235B40C400BA986E /* Release */ = {
			isa = XCBuildConfiguration;
			buildSettings = {
				ALWAYS_SEARCH_USER_PATHS = NO;
				CLANG_ANALYZER_NONNULL = YES;
				CLANG_ANALYZER_NUMBER_OBJECT_CONVERSION = YES_AGGRESSIVE;
				CLANG_CXX_LANGUAGE_STANDARD = "gnu++14";
				CLANG_CXX_LIBRARY = "libc++";
				CLANG_ENABLE_MODULES = YES;
				CLANG_ENABLE_OBJC_ARC = YES;
				CLANG_ENABLE_OBJC_WEAK = YES;
				CLANG_WARN_BLOCK_CAPTURE_AUTORELEASING = YES;
				CLANG_WARN_BOOL_CONVERSION = YES;
				CLANG_WARN_COMMA = YES;
				CLANG_WARN_CONSTANT_CONVERSION = YES;
				CLANG_WARN_DEPRECATED_OBJC_IMPLEMENTATIONS = YES;
				CLANG_WARN_DIRECT_OBJC_ISA_USAGE = YES_ERROR;
				CLANG_WARN_DOCUMENTATION_COMMENTS = YES;
				CLANG_WARN_EMPTY_BODY = YES;
				CLANG_WARN_ENUM_CONVERSION = YES;
				CLANG_WARN_INFINITE_RECURSION = YES;
				CLANG_WARN_INT_CONVERSION = YES;
				CLANG_WARN_NON_LITERAL_NULL_CONVERSION = YES;
				CLANG_WARN_OBJC_IMPLICIT_RETAIN_SELF = YES;
				CLANG_WARN_OBJC_LITERAL_CONVERSION = YES;
				CLANG_WARN_OBJC_ROOT_CLASS = YES_ERROR;
				CLANG_WARN_RANGE_LOOP_ANALYSIS = YES;
				CLANG_WARN_STRICT_PROTOTYPES = YES;
				CLANG_WARN_SUSPICIOUS_MOVE = YES;
				CLANG_WARN_UNGUARDED_AVAILABILITY = YES_AGGRESSIVE;
				CLANG_WARN_UNREACHABLE_CODE = YES;
				CLANG_WARN__DUPLICATE_METHOD_MATCH = YES;
				CODE_SIGN_IDENTITY = "iPhone Developer";
				COPY_PHASE_STRIP = NO;
				DEBUG_INFORMATION_FORMAT = "dwarf-with-dsym";
				ENABLE_NS_ASSERTIONS = NO;
				ENABLE_STRICT_OBJC_MSGSEND = YES;
				GCC_C_LANGUAGE_STANDARD = gnu11;
				GCC_NO_COMMON_BLOCKS = YES;
				GCC_WARN_64_TO_32_BIT_CONVERSION = YES;
				GCC_WARN_ABOUT_RETURN_TYPE = YES_ERROR;
				GCC_WARN_UNDECLARED_SELECTOR = YES;
				GCC_WARN_UNINITIALIZED_AUTOS = YES_AGGRESSIVE;
				GCC_WARN_UNUSED_FUNCTION = YES;
				GCC_WARN_UNUSED_VARIABLE = YES;
				IPHONEOS_DEPLOYMENT_TARGET = 12.2;
				MTL_ENABLE_DEBUG_INFO = NO;
				MTL_FAST_MATH = YES;
				SDKROOT = iphoneos;
				SWIFT_COMPILATION_MODE = wholemodule;
				SWIFT_OPTIMIZATION_LEVEL = "-O";
				VALIDATE_PRODUCT = YES;
			};
			name = Release;
		};
		A68C4655235B40C400BA986E /* Debug */ = {
			isa = XCBuildConfiguration;
			baseConfigurationReference = 242DB64D5D0B476F22F6502C /* Pods-TwitterCards.debug.xcconfig */;
			buildSettings = {
				ASSETCATALOG_COMPILER_APPICON_NAME = AppIcon;
				CODE_SIGN_STYLE = Automatic;
				DEVELOPMENT_TEAM = TWB86V8ARL;
				INFOPLIST_FILE = TwitterCards/Info.plist;
				IPHONEOS_DEPLOYMENT_TARGET = 12.2;
				LD_RUNPATH_SEARCH_PATHS = (
					"$(inherited)",
					"@executable_path/Frameworks",
				);
				PRODUCT_BUNDLE_IDENTIFIER = com.Allman.Alex.TwitterCards;
				PRODUCT_NAME = "$(TARGET_NAME)";
				SWIFT_VERSION = 5.0;
				TARGETED_DEVICE_FAMILY = 1;
			};
			name = Debug;
		};
		A68C4656235B40C400BA986E /* Release */ = {
			isa = XCBuildConfiguration;
			baseConfigurationReference = AA706757FEADD6AC76AEAC78 /* Pods-TwitterCards.release.xcconfig */;
			buildSettings = {
				ASSETCATALOG_COMPILER_APPICON_NAME = AppIcon;
				CODE_SIGN_STYLE = Automatic;
				DEVELOPMENT_TEAM = TWB86V8ARL;
				INFOPLIST_FILE = TwitterCards/Info.plist;
				IPHONEOS_DEPLOYMENT_TARGET = 12.2;
				LD_RUNPATH_SEARCH_PATHS = (
					"$(inherited)",
					"@executable_path/Frameworks",
				);
				PRODUCT_BUNDLE_IDENTIFIER = com.Allman.Alex.TwitterCards;
				PRODUCT_NAME = "$(TARGET_NAME)";
				SWIFT_VERSION = 5.0;
				TARGETED_DEVICE_FAMILY = 1;
			};
			name = Release;
		};
/* End XCBuildConfiguration section */

/* Begin XCConfigurationList section */
		A68C4632235B40C200BA986E /* Build configuration list for PBXProject "TwitterCards" */ = {
			isa = XCConfigurationList;
			buildConfigurations = (
				A68C4652235B40C400BA986E /* Debug */,
				A68C4653235B40C400BA986E /* Release */,
			);
			defaultConfigurationIsVisible = 0;
			defaultConfigurationName = Release;
		};
		A68C4654235B40C400BA986E /* Build configuration list for PBXNativeTarget "TwitterCards" */ = {
			isa = XCConfigurationList;
			buildConfigurations = (
				A68C4655235B40C400BA986E /* Debug */,
				A68C4656235B40C400BA986E /* Release */,
			);
			defaultConfigurationIsVisible = 0;
			defaultConfigurationName = Release;
		};
/* End XCConfigurationList section */

/* Begin XCVersionGroup section */
		A6554224237F79FC004C12C1 /* AppData.xcdatamodeld */ = {
			isa = XCVersionGroup;
			children = (
				A6554225237F79FC004C12C1 /* AppData.xcdatamodel */,
			);
			currentVersion = A6554225237F79FC004C12C1 /* AppData.xcdatamodel */;
			path = AppData.xcdatamodeld;
			sourceTree = "<group>";
			versionGroupType = wrapper.xcdatamodel;
		};
/* End XCVersionGroup section */
	};
	rootObject = A68C462F235B40C200BA986E /* Project object */;
}
